PODS:
  - Flutter (1.0.0)
  - flutter_openim_sdk (0.0.1):
    - Flutter
    - OpenIMSDKCore (= 3.8.1-rc.0)
  - OpenIMSDKCore (3.8.1-rc.0)

DEPENDENCIES:
  - Flutter (from `Flutter`)
  - flutter_openim_sdk (from `.symlinks/plugins/flutter_openim_sdk/ios`)

SPEC REPOS:
  trunk:
    - OpenIMSDKCore

EXTERNAL SOURCES:
  Flutter:
    :path: Flutter
  flutter_openim_sdk:
    :path: ".symlinks/plugins/flutter_openim_sdk/ios"

SPEC CHECKSUMS:
  Flutter: e0871f40cf51350855a761d2e70bf5af5b9b5de7
  flutter_openim_sdk: 754e4ad0177918ce2c37dfba63973db26ce89c90
  OpenIMSDKCore: 0c92e9e3eb2a91b6b6528e7781a1e28ed42bc518

PODFILE CHECKSUM: d4ba08011ff3d270b662299a448a7c436eb30089

COCOAPODS: 1.14.3
